{"1.2.0",
[{<<"cowboy">>,{pkg,<<"cowboy">>,<<"2.9.0">>},0},
 {<<"cowlib">>,{pkg,<<"cowlib">>,<<"2.11.0">>},1},
 {<<"gleam_erlang">>,{pkg,<<"gleam_erlang">>,<<"0.1.0">>},1},
 {<<"gleam_http">>,{pkg,<<"gleam_http">>,<<"2.0.2">>},0},
 {<<"gleam_otp">>,{pkg,<<"gleam_otp">>,<<"0.2.0">>},0},
 {<<"gleam_stdlib">>,{pkg,<<"gleam_stdlib">>,<<"0.17.1">>},0},
 {<<"ranch">>,{pkg,<<"ranch">>,<<"1.8.0">>},1}]}.
[
{pkg_hash,[
 {<<"cowboy">>, <<"865DD8B6607E14CF03282E10E934023A1BD8BE6F6BACF921A7E2A96D800CD452">>},
 {<<"cowlib">>, <<"0B9FF9C346629256C42EBE1EEB769A83C6CB771A6EE5960BD110AB0B9B872063">>},
 {<<"gleam_erlang">>, <<"A104FB11D7BEE83BC52C87897D52A6584D53EBB9EC7D63C80D9240F5E555ED10">>},
 {<<"gleam_http">>, <<"3B08DC628191E29BE49FEE4B1C11F1EE38F90AA7B63A2C0E36B45E86B9147CD8">>},
 {<<"gleam_otp">>, <<"70ABEB60BA5B1608A70D620913197764C3C3082831DDB102F51D1B291E751117">>},
 {<<"gleam_stdlib">>, <<"40645CEDAA2DF54DB409EAFC79064BF6B2458715CF53270980E7200735EE4966">>},
 {<<"ranch">>, <<"8C7A100A139FD57F17327B6413E4167AC559FBC04CA7448E9BE9057311597A1D">>}]},
{pkg_hash_ext,[
 {<<"cowboy">>, <<"2C729F934B4E1AA149AFF882F57C6372C15399A20D54F65C8D67BEF583021BDE">>},
 {<<"cowlib">>, <<"2B3E9DA0B21C4565751A6D4901C20D1B4CC25CBB7FD50D91D2AB6DD287BC86A9">>},
 {<<"gleam_erlang">>, <<"316BE16CF523F2E6EFB8B092943261E12F94989BFE63C1DB93D5233BB8418478">>},
 {<<"gleam_http">>, <<"C6E2351E084C9B9304724B231ABE2DA14E1DE67B74172B59288E7291CAC4D50B">>},
 {<<"gleam_otp">>, <<"B8C7EA1C74FFAF17E06D1BED9D015376B4202E6FCE7D11A916974C98453BF66D">>},
 {<<"gleam_stdlib">>, <<"F2AF084B2C38AD94DFB3D8EB0FF868B42AF2BFCBDD89A30B5C62945C8A2C9EB8">>},
 {<<"ranch">>, <<"49FBCFD3682FAB1F5D109351B61257676DA1A2FDBE295904176D5E521A2DDFE5">>}]}
].
