{"1.2.0",
[{<<"cowboy">>,{pkg,<<"cowboy">>,<<"2.8.0">>},0},
 {<<"cowlib">>,{pkg,<<"cowlib">>,<<"2.9.1">>},1},
 {<<"gleam_http">>,{pkg,<<"gleam_http">>,<<"1.5.0">>},0},
 {<<"gleam_otp">>,{pkg,<<"gleam_otp">>,<<"0.1.1">>},0},
 {<<"gleam_stdlib">>,{pkg,<<"gleam_stdlib">>,<<"0.11.0">>},0},
 {<<"ranch">>,{pkg,<<"ranch">>,<<"1.7.1">>},1}]}.
[
{pkg_hash,[
 {<<"cowboy">>, <<"F3DC62E35797ECD9AC1B50DB74611193C29815401E53BAC9A5C0577BD7BC667D">>},
 {<<"cowlib">>, <<"61A6C7C50CF07FDD24B2F45B89500BB93B6686579B069A89F88CB211E1125C78">>},
 {<<"gleam_http">>, <<"BE2DFC92BF6F83DF6A19756B985A42E0798DEA64BB885AB08B31E0384F7165D3">>},
 {<<"gleam_otp">>, <<"47B4E90E0D800EC49BD6D2BA2F29D1DA5F2CEAEAFF93BCC0ABF71915793AF2E3">>},
 {<<"gleam_stdlib">>, <<"9B1089739574CDF78A1C25A463D770A98F59E63A92324D17095AD67E867EE549">>},
 {<<"ranch">>, <<"6B1FAB51B49196860B733A49C07604465A47BDB78AA10C1C16A3D199F7F8C881">>}]},
{pkg_hash_ext,[
 {<<"cowboy">>, <<"4643E4FBA74AC96D4D152C75803DE6FAD0B3FA5DF354C71AFDD6CBEEB15FAC8A">>},
 {<<"cowlib">>, <<"E4175DC240A70D996156160891E1C62238EDE1729E45740BDD38064DAD476170">>},
 {<<"gleam_http">>, <<"902B41BD1CCD86DC0EF93517173366FE5ECFC1D72F95C86DBD1519238440B742">>},
 {<<"gleam_otp">>, <<"6BDF5729B74278D6F63779D4464C036DFBF1687863A338BB7CD0C4A0C4863A17">>},
 {<<"gleam_stdlib">>, <<"5508E169E20369FC8D400481D3F37CCB2CFD880509F63D6E2B6D85F939BC991B">>},
 {<<"ranch">>, <<"451D8527787DF716D99DC36162FCA05934915DB0B6141BBDAC2EA8D3C7AFC7D7">>}]}
].
